// !$*UTF8*$!
{
	archiveVersion = 1;
	classes = {
	};
	objectVersion = 46;
	objects = {

/* Begin PBXBuildFile section */
		023101AD1E2B2AED00ECE6CE /* AppDelegate.swift in Sources */ = {isa = PBXBuildFile; fileRef = 023101AC1E2B2AED00ECE6CE /* AppDelegate.swift */; };
		023101AF1E2B2AED00ECE6CE /* GameScene.sks in Resources */ = {isa = PBXBuildFile; fileRef = 023101AE1E2B2AED00ECE6CE /* GameScene.sks */; };
		023101B11E2B2AED00ECE6CE /* Actions.sks in Resources */ = {isa = PBXBuildFile; fileRef = 023101B01E2B2AED00ECE6CE /* Actions.sks */; };
		023101B31E2B2AED00ECE6CE /* GameScene.swift in Sources */ = {isa = PBXBuildFile; fileRef = 023101B21E2B2AED00ECE6CE /* GameScene.swift */; };
		023101B51E2B2AED00ECE6CE /* GameViewController.swift in Sources */ = {isa = PBXBuildFile; fileRef = 023101B41E2B2AED00ECE6CE /* GameViewController.swift */; };
		023101B81E2B2AED00ECE6CE /* Main.storyboard in Resources */ = {isa = PBXBuildFile; fileRef = 023101B61E2B2AED00ECE6CE /* Main.storyboard */; };
		023101BA1E2B2AED00ECE6CE /* Assets.xcassets in Resources */ = {isa = PBXBuildFile; fileRef = 023101B91E2B2AED00ECE6CE /* Assets.xcassets */; };
		023101BD1E2B2AED00ECE6CE /* LaunchScreen.storyboard in Resources */ = {isa = PBXBuildFile; fileRef = 023101BB1E2B2AED00ECE6CE /* LaunchScreen.storyboard */; };
		023102131E2C849F00ECE6CE /* playerImage.png in Resources */ = {isa = PBXBuildFile; fileRef = 023102121E2C849F00ECE6CE /* playerImage.png */; };
		023102151E2C84A600ECE6CE /* dot.png in Resources */ = {isa = PBXBuildFile; fileRef = 023102141E2C84A600ECE6CE /* dot.png */; };
		0231021A1E2C8FD500ECE6CE /* 3assassins.png in Resources */ = {isa = PBXBuildFile; fileRef = 023102191E2C8FD500ECE6CE /* 3assassins.png */; };
		0231021C1E2D71F200ECE6CE /* wall.png in Resources */ = {isa = PBXBuildFile; fileRef = 0231021B1E2D71F200ECE6CE /* wall.png */; };
		02A7D4B11E3C167A00240043 /* Character Classes.swift in Sources */ = {isa = PBXBuildFile; fileRef = 02A7D4B01E3C167A00240043 /* Character Classes.swift */; };
/* End PBXBuildFile section */

/* Begin PBXFileReference section */
		023101A91E2B2AED00ECE6CE /* Top Down Untitled.app */ = {isa = PBXFileReference; explicitFileType = wrapper.application; includeInIndex = 0; path = "Top Down Untitled.app"; sourceTree = BUILT_PRODUCTS_DIR; };
		023101AC1E2B2AED00ECE6CE /* AppDelegate.swift */ = {isa = PBXFileReference; lastKnownFileType = sourcecode.swift; path = AppDelegate.swift; sourceTree = "<group>"; };
		023101AE1E2B2AED00ECE6CE /* GameScene.sks */ = {isa = PBXFileReference; lastKnownFileType = file.sks; path = GameScene.sks; sourceTree = "<group>"; };
		023101B01E2B2AED00ECE6CE /* Actions.sks */ = {isa = PBXFileReference; lastKnownFileType = file.sks; path = Actions.sks; sourceTree = "<group>"; };
		023101B21E2B2AED00ECE6CE /* GameScene.swift */ = {isa = PBXFileReference; lastKnownFileType = sourcecode.swift; path = GameScene.swift; sourceTree = "<group>"; };
		023101B41E2B2AED00ECE6CE /* GameViewController.swift */ = {isa = PBXFileReference; lastKnownFileType = sourcecode.swift; path = GameViewController.swift; sourceTree = "<group>"; };
		023101B71E2B2AED00ECE6CE /* Base */ = {isa = PBXFileReference; lastKnownFileType = file.storyboard; name = Base; path = Base.lproj/Main.storyboard; sourceTree = "<group>"; };
		023101B91E2B2AED00ECE6CE /* Assets.xcassets */ = {isa = PBXFileReference; lastKnownFileType = folder.assetcatalog; path = Assets.xcassets; sourceTree = "<group>"; };
		023101BC1E2B2AED00ECE6CE /* Base */ = {isa = PBXFileReference; lastKnownFileType = file.storyboard; name = Base; path = Base.lproj/LaunchScreen.storyboard; sourceTree = "<group>"; };
		023101BE1E2B2AED00ECE6CE /* Info.plist */ = {isa = PBXFileReference; lastKnownFileType = text.plist.xml; path = Info.plist; sourceTree = "<group>"; };
		023102121E2C849F00ECE6CE /* playerImage.png */ = {isa = PBXFileReference; lastKnownFileType = image.png; path = playerImage.png; sourceTree = "<group>"; };
		023102141E2C84A600ECE6CE /* dot.png */ = {isa = PBXFileReference; lastKnownFileType = image.png; path = dot.png; sourceTree = "<group>"; };
		023102191E2C8FD500ECE6CE /* 3assassins.png */ = {isa = PBXFileReference; lastKnownFileType = image.png; path = 3assassins.png; sourceTree = "<group>"; };
		0231021B1E2D71F200ECE6CE /* wall.png */ = {isa = PBXFileReference; lastKnownFileType = image.png; path = wall.png; sourceTree = "<group>"; };
		02A7D4B01E3C167A00240043 /* Character Classes.swift */ = {isa = PBXFileReference; fileEncoding = 4; lastKnownFileType = sourcecode.swift; path = "Character Classes.swift"; sourceTree = "<group>"; };
/* End PBXFileReference section */

/* Begin PBXFrameworksBuildPhase section */
		023101A61E2B2AED00ECE6CE /* Frameworks */ = {
			isa = PBXFrameworksBuildPhase;
			buildActionMask = 2147483647;
			files = (
			);
			runOnlyForDeploymentPostprocessing = 0;
		};
/* End PBXFrameworksBuildPhase section */

/* Begin PBXGroup section */
		023101A01E2B2AED00ECE6CE = {
			isa = PBXGroup;
			children = (
				023101AB1E2B2AED00ECE6CE /* Top Down Untitled */,
				023101AA1E2B2AED00ECE6CE /* Products */,
			);
			sourceTree = "<group>";
		};
		023101AA1E2B2AED00ECE6CE /* Products */ = {
			isa = PBXGroup;
			children = (
				023101A91E2B2AED00ECE6CE /* Top Down Untitled.app */,
			);
			name = Products;
			sourceTree = "<group>";
		};
		023101AB1E2B2AED00ECE6CE /* Top Down Untitled */ = {
			isa = PBXGroup;
			children = (
				023101AC1E2B2AED00ECE6CE /* AppDelegate.swift */,
				023101AE1E2B2AED00ECE6CE /* GameScene.sks */,
				023101B01E2B2AED00ECE6CE /* Actions.sks */,
				023101B21E2B2AED00ECE6CE /* GameScene.swift */,
				02A7D4B01E3C167A00240043 /* Character Classes.swift */,
				023101B41E2B2AED00ECE6CE /* GameViewController.swift */,
				023101B61E2B2AED00ECE6CE /* Main.storyboard */,
				023101B91E2B2AED00ECE6CE /* Assets.xcassets */,
				023102181E2C8F7100ECE6CE /* Images */,
				023101BB1E2B2AED00ECE6CE /* LaunchScreen.storyboard */,
				023101BE1E2B2AED00ECE6CE /* Info.plist */,
			);
			path = "Top Down Untitled";
			sourceTree = "<group>";
		};
		023102181E2C8F7100ECE6CE /* Images */ = {
			isa = PBXGroup;
			children = (
				023102121E2C849F00ECE6CE /* playerImage.png */,
				0231021B1E2D71F200ECE6CE /* wall.png */,
				023102191E2C8FD500ECE6CE /* 3assassins.png */,
				023102141E2C84A600ECE6CE /* dot.png */,
			);
			name = Images;
			sourceTree = "<group>";
		};
/* End PBXGroup section */

/* Begin PBXNativeTarget section */
		023101A81E2B2AED00ECE6CE /* Top Down Untitled */ = {
			isa = PBXNativeTarget;
			buildConfigurationList = 023101C11E2B2AED00ECE6CE /* Build configuration list for PBXNativeTarget "Top Down Untitled" */;
			buildPhases = (
				023101A51E2B2AED00ECE6CE /* Sources */,
				023101A61E2B2AED00ECE6CE /* Frameworks */,
				023101A71E2B2AED00ECE6CE /* Resources */,
			);
			buildRules = (
			);
			dependencies = (
			);
			name = "Top Down Untitled";
			productName = "Top Down Untitled";
			productReference = 023101A91E2B2AED00ECE6CE /* Top Down Untitled.app */;
			productType = "com.apple.product-type.application";
		};
/* End PBXNativeTarget section */

/* Begin PBXProject section */
		023101A11E2B2AED00ECE6CE /* Project object */ = {
			isa = PBXProject;
			attributes = {
				LastSwiftUpdateCheck = 0820;
				LastUpgradeCheck = 0820;
				ORGANIZATIONNAME = "3Assassins Studios";
				TargetAttributes = {
					023101A81E2B2AED00ECE6CE = {
						CreatedOnToolsVersion = 8.2.1;
						DevelopmentTeam = K4CPCBHQ4T;
						ProvisioningStyle = Automatic;
					};
				};
			};
			buildConfigurationList = 023101A41E2B2AED00ECE6CE /* Build configuration list for PBXProject "Top Down Untitled" */;
			compatibilityVersion = "Xcode 3.2";
			developmentRegion = English;
			hasScannedForEncodings = 0;
			knownRegions = (
				en,
				Base,
			);
			mainGroup = 023101A01E2B2AED00ECE6CE;
			productRefGroup = 023101AA1E2B2AED00ECE6CE /* Products */;
			projectDirPath = "";
			projectRoot = "";
			targets = (
				023101A81E2B2AED00ECE6CE /* Top Down Untitled */,
			);
		};
/* End PBXProject section */

/* Begin PBXResourcesBuildPhase section */
		023101A71E2B2AED00ECE6CE /* Resources */ = {
			isa = PBXResourcesBuildPhase;
			buildActionMask = 2147483647;
			files = (
				023102151E2C84A600ECE6CE /* dot.png in Resources */,
				023101B81E2B2AED00ECE6CE /* Main.storyboard in Resources */,
				0231021C1E2D71F200ECE6CE /* wall.png in Resources */,
				023101AF1E2B2AED00ECE6CE /* GameScene.sks in Resources */,
				023101BA1E2B2AED00ECE6CE /* Assets.xcassets in Resources */,
				0231021A1E2C8FD500ECE6CE /* 3assassins.png in Resources */,
				023101BD1E2B2AED00ECE6CE /* LaunchScreen.storyboard in Resources */,
				023101B11E2B2AED00ECE6CE /* Actions.sks in Resources */,
				023102131E2C849F00ECE6CE /* playerImage.png in Resources */,
			);
			runOnlyForDeploymentPostprocessing = 0;
		};
/* End PBXResourcesBuildPhase section */

/* Begin PBXSourcesBuildPhase section */
		023101A51E2B2AED00ECE6CE /* Sources */ = {
			isa = PBXSourcesBuildPhase;
			buildActionMask = 2147483647;
			files = (
				023101B31E2B2AED00ECE6CE /* GameScene.swift in Sources */,
				02A7D4B11E3C167A00240043 /* Character Classes.swift in Sources */,
				023101B51E2B2AED00ECE6CE /* GameViewController.swift in Sources */,
				023101AD1E2B2AED00ECE6CE /* AppDelegate.swift in Sources */,
			);
			runOnlyForDeploymentPostprocessing = 0;
		};
/* End PBXSourcesBuildPhase section */

/* Begin PBXVariantGroup section */
		023101B61E2B2AED00ECE6CE /* Main.storyboard */ = {
			isa = PBXVariantGroup;
			children = (
				023101B71E2B2AED00ECE6CE /* Base */,
			);
			name = Main.storyboard;
			sourceTree = "<group>";
		};
		023101BB1E2B2AED00ECE6CE /* LaunchScreen.storyboard */ = {
			isa = PBXVariantGroup;
			children = (
				023101BC1E2B2AED00ECE6CE /* Base */,
			);
			name = LaunchScreen.storyboard;
			sourceTree = "<group>";
		};
/* End PBXVariantGroup section */

/* Begin XCBuildConfiguration section */
		023101BF1E2B2AED00ECE6CE /* Debug */ = {
			isa = XCBuildConfiguration;
			buildSettings = {
				ALWAYS_SEARCH_USER_PATHS = NO;
				CLANG_ANALYZER_NONNULL = YES;
				CLANG_CXX_LANGUAGE_STANDARD = "gnu++0x";
				CLANG_CXX_LIBRARY = "libc++";
				CLANG_ENABLE_MODULES = YES;
				CLANG_ENABLE_OBJC_ARC = YES;
				CLANG_WARN_BOOL_CONVERSION = YES;
				CLANG_WARN_CONSTANT_CONVERSION = YES;
				CLANG_WARN_DIRECT_OBJC_ISA_USAGE = YES_ERROR;
				CLANG_WARN_DOCUMENTATION_COMMENTS = YES;
				CLANG_WARN_EMPTY_BODY = YES;
				CLANG_WARN_ENUM_CONVERSION = YES;
				CLANG_WARN_INFINITE_RECURSION = YES;
				CLANG_WARN_INT_CONVERSION = YES;
				CLANG_WARN_OBJC_ROOT_CLASS = YES_ERROR;
				CLANG_WARN_SUSPICIOUS_MOVE = YES;
				CLANG_WARN_UNREACHABLE_CODE = YES;
				CLANG_WARN__DUPLICATE_METHOD_MATCH = YES;
				"CODE_SIGN_IDENTITY[sdk=iphoneos*]" = "iPhone Developer";
				COPY_PHASE_STRIP = NO;
				DEBUG_INFORMATION_FORMAT = dwarf;
				ENABLE_STRICT_OBJC_MSGSEND = YES;
				ENABLE_TESTABILITY = YES;
				GCC_C_LANGUAGE_STANDARD = gnu99;
				GCC_DYNAMIC_NO_PIC = NO;
				GCC_NO_COMMON_BLOCKS = YES;
				GCC_OPTIMIZATION_LEVEL = 0;
				GCC_PREPROCESSOR_DEFINITIONS = (
					"DEBUG=1",
					"$(inherited)",
				);
				GCC_WARN_64_TO_32_BIT_CONVERSION = YES;
				GCC_WARN_ABOUT_RETURN_TYPE = YES_ERROR;
				GCC_WARN_UNDECLARED_SELECTOR = YES;
				GCC_WARN_UNINITIALIZED_AUTOS = YES_AGGRESSIVE;
				GCC_WARN_UNUSED_FUNCTION = YES;
				GCC_WARN_UNUSED_VARIABLE = YES;
				IPHONEOS_DEPLOYMENT_TARGET = 10.2;
				MTL_ENABLE_DEBUG_INFO = YES;
				ONLY_ACTIVE_ARCH = YES;
				SDKROOT = iphoneos;
				SWIFT_ACTIVE_COMPILATION_CONDITIONS = DEBUG;
				SWIFT_OPTIMIZATION_LEVEL = "-Onone";
			};
			name = Debug;
		};
		023101C01E2B2AED00ECE6CE /* Release */ = {
			isa = XCBuildConfiguration;
			buildSettings = {
				ALWAYS_SEARCH_USER_PATHS = NO;
				CLANG_ANALYZER_NONNULL = YES;
				CLANG_CXX_LANGUAGE_STANDARD = "gnu++0x";
				CLANG_CXX_LIBRARY = "libc++";
				CLANG_ENABLE_MODULES = YES;
				CLANG_ENABLE_OBJC_ARC = YES;
				CLANG_WARN_BOOL_CONVERSION = YES;
				CLANG_WARN_CONSTANT_CONVERSION = YES;
				CLANG_WARN_DIRECT_OBJC_ISA_USAGE = YES_ERROR;
				CLANG_WARN_DOCUMENTATION_COMMENTS = YES;
				CLANG_WARN_EMPTY_BODY = YES;
				CLANG_WARN_ENUM_CONVERSION = YES;
				CLANG_WARN_INFINITE_RECURSION = YES;
				CLANG_WARN_INT_CONVERSION = YES;
				CLANG_WARN_OBJC_ROOT_CLASS = YES_ERROR;
				CLANG_WARN_SUSPICIOUS_MOVE = YES;
				CLANG_WARN_UNREACHABLE_CODE = YES;
				CLANG_WARN__DUPLICATE_METHOD_MATCH = YES;
				"CODE_SIGN_IDENTITY[sdk=iphoneos*]" = "iPhone Developer";
				COPY_PHASE_STRIP = NO;
				DEBUG_INFORMATION_FORMAT = "dwarf-with-dsym";
				ENABLE_NS_ASSERTIONS = NO;
				ENABLE_STRICT_OBJC_MSGSEND = YES;
				GCC_C_LANGUAGE_STANDARD = gnu99;
				GCC_NO_COMMON_BLOCKS = YES;
				GCC_WARN_64_TO_32_BIT_CONVERSION = YES;
				GCC_WARN_ABOUT_RETURN_TYPE = YES_ERROR;
				GCC_WARN_UNDECLARED_SELECTOR = YES;
				GCC_WARN_UNINITIALIZED_AUTOS = YES_AGGRESSIVE;
				GCC_WARN_UNUSED_FUNCTION = YES;
				GCC_WARN_UNUSED_VARIABLE = YES;
				IPHONEOS_DEPLOYMENT_TARGET = 10.2;
				MTL_ENABLE_DEBUG_INFO = NO;
				SDKROOT = iphoneos;
				SWIFT_OPTIMIZATION_LEVEL = "-Owholemodule";
				VALIDATE_PRODUCT = YES;
			};
			name = Release;
		};
		023101C21E2B2AED00ECE6CE /* Debug */ = {
			isa = XCBuildConfiguration;
			buildSettings = {
				ASSETCATALOG_COMPILER_APPICON_NAME = AppIcon;
				DEVELOPMENT_TEAM = K4CPCBHQ4T;
				INFOPLIST_FILE = "Top Down Untitled/Info.plist";
				LD_RUNPATH_SEARCH_PATHS = "$(inherited) @executable_path/Frameworks";
				PRODUCT_BUNDLE_IDENTIFIER = "-Assassins.Top-Down";
				PRODUCT_NAME = "$(TARGET_NAME)";
				SWIFT_VERSION = 3.0;
			};
			name = Debug;
		};
		023101C31E2B2AED00ECE6CE /* Release */ = {
			isa = XCBuildConfiguration;
			buildSettings = {
				ASSETCATALOG_COMPILER_APPICON_NAME = AppIcon;
				DEVELOPMENT_TEAM = K4CPCBHQ4T;
				INFOPLIST_FILE = "Top Down Untitled/Info.plist";
				LD_RUNPATH_SEARCH_PATHS = "$(inherited) @executable_path/Frameworks";
				PRODUCT_BUNDLE_IDENTIFIER = "-Assassins.Top-Down";
				PRODUCT_NAME = "$(TARGET_NAME)";
				SWIFT_VERSION = 3.0;
			};
			name = Release;
		};
/* End XCBuildConfiguration section */

/* Begin XCConfigurationList section */
		023101A41E2B2AED00ECE6CE /* Build configuration list for PBXProject "Top Down Untitled" */ = {
			isa = XCConfigurationList;
			buildConfigurations = (
				023101BF1E2B2AED00ECE6CE /* Debug */,
				023101C01E2B2AED00ECE6CE /* Release */,
			);
			defaultConfigurationIsVisible = 0;
			defaultConfigurationName = Release;
		};
		023101C11E2B2AED00ECE6CE /* Build configuration list for PBXNativeTarget "Top Down Untitled" */ = {
			isa = XCConfigurationList;
			buildConfigurations = (
				023101C21E2B2AED00ECE6CE /* Debug */,
				023101C31E2B2AED00ECE6CE /* Release */,
			);
			defaultConfigurationIsVisible = 0;
			defaultConfigurationName = Release;
		};
/* End XCConfigurationList section */
	};
	rootObject = 023101A11E2B2AED00ECE6CE /* Project object */;
}
